// !$*UTF8*$!
{
	archiveVersion = 1;
	classes = {
	};
	objectVersion = 46;
	objects = {

/* Begin PBXBuildFile section */
		B1DF08AE1D9A566E00A4DE92 /* main.m in Sources */ = {isa = PBXBuildFile; fileRef = B1DF08AD1D9A566E00A4DE92 /* main.m */; };
		B1DF08B11D9A566E00A4DE92 /* AppDelegate.m in Sources */ = {isa = PBXBuildFile; fileRef = B1DF08B01D9A566E00A4DE92 /* AppDelegate.m */; };
		B1DF08B41D9A566E00A4DE92 /* ViewController.m in Sources */ = {isa = PBXBuildFile; fileRef = B1DF08B31D9A566E00A4DE92 /* ViewController.m */; };
		B1DF08B71D9A566E00A4DE92 /* Main.storyboard in Resources */ = {isa = PBXBuildFile; fileRef = B1DF08B51D9A566E00A4DE92 /* Main.storyboard */; };
		B1DF08B91D9A566E00A4DE92 /* Assets.xcassets in Resources */ = {isa = PBXBuildFile; fileRef = B1DF08B81D9A566E00A4DE92 /* Assets.xcassets */; };
		B1DF08BC1D9A566E00A4DE92 /* LaunchScreen.storyboard in Resources */ = {isa = PBXBuildFile; fileRef = B1DF08BA1D9A566E00A4DE92 /* LaunchScreen.storyboard */; };
		B1DF08C71D9A566E00A4DE92 /* CocopodsTestTests.m in Sources */ = {isa = PBXBuildFile; fileRef = B1DF08C61D9A566E00A4DE92 /* CocopodsTestTests.m */; };
		B1DF08D21D9A566E00A4DE92 /* CocopodsTestUITests.m in Sources */ = {isa = PBXBuildFile; fileRef = B1DF08D11D9A566E00A4DE92 /* CocopodsTestUITests.m */; };
		B1DF08E11D9A56C600A4DE92 /* NSObject+Logfile.m in Sources */ = {isa = PBXBuildFile; fileRef = B1DF08E01D9A56C600A4DE92 /* NSObject+Logfile.m */; };
/* End PBXBuildFile section */

/* Begin PBXContainerItemProxy section */
		B1DF08C31D9A566E00A4DE92 /* PBXContainerItemProxy */ = {
			isa = PBXContainerItemProxy;
			containerPortal = B1DF08A11D9A566E00A4DE92 /* Project object */;
			proxyType = 1;
			remoteGlobalIDString = B1DF08A81D9A566E00A4DE92;
			remoteInfo = CocopodsTest;
		};
		B1DF08CE1D9A566E00A4DE92 /* PBXContainerItemProxy */ = {
			isa = PBXContainerItemProxy;
			containerPortal = B1DF08A11D9A566E00A4DE92 /* Project object */;
			proxyType = 1;
			remoteGlobalIDString = B1DF08A81D9A566E00A4DE92;
			remoteInfo = CocopodsTest;
		};
/* End PBXContainerItemProxy section */

/* Begin PBXFileReference section */
		B1DF08A91D9A566E00A4DE92 /* CocopodsTest.app */ = {isa = PBXFileReference; explicitFileType = wrapper.application; includeInIndex = 0; path = CocopodsTest.app; sourceTree = BUILT_PRODUCTS_DIR; };
		B1DF08AD1D9A566E00A4DE92 /* main.m */ = {isa = PBXFileReference; lastKnownFileType = sourcecode.c.objc; path = main.m; sourceTree = "<group>"; };
		B1DF08AF1D9A566E00A4DE92 /* AppDelegate.h */ = {isa = PBXFileReference; lastKnownFileType = sourcecode.c.h; path = AppDelegate.h; sourceTree = "<group>"; };
		B1DF08B01D9A566E00A4DE92 /* AppDelegate.m */ = {isa = PBXFileReference; lastKnownFileType = sourcecode.c.objc; path = AppDelegate.m; sourceTree = "<group>"; };
		B1DF08B21D9A566E00A4DE92 /* ViewController.h */ = {isa = PBXFileReference; lastKnownFileType = sourcecode.c.h; path = ViewController.h; sourceTree = "<group>"; };
		B1DF08B31D9A566E00A4DE92 /* ViewController.m */ = {isa = PBXFileReference; lastKnownFileType = sourcecode.c.objc; path = ViewController.m; sourceTree = "<group>"; };
		B1DF08B61D9A566E00A4DE92 /* Base */ = {isa = PBXFileReference; lastKnownFileType = file.storyboard; name = Base; path = Base.lproj/Main.storyboard; sourceTree = "<group>"; };
		B1DF08B81D9A566E00A4DE92 /* Assets.xcassets */ = {isa = PBXFileReference; lastKnownFileType = folder.assetcatalog; path = Assets.xcassets; sourceTree = "<group>"; };
		B1DF08BB1D9A566E00A4DE92 /* Base */ = {isa = PBXFileReference; lastKnownFileType = file.storyboard; name = Base; path = Base.lproj/LaunchScreen.storyboard; sourceTree = "<group>"; };
		B1DF08BD1D9A566E00A4DE92 /* Info.plist */ = {isa = PBXFileReference; lastKnownFileType = text.plist.xml; path = Info.plist; sourceTree = "<group>"; };
		B1DF08C21D9A566E00A4DE92 /* CocopodsTestTests.xctest */ = {isa = PBXFileReference; explicitFileType = wrapper.cfbundle; includeInIndex = 0; path = CocopodsTestTests.xctest; sourceTree = BUILT_PRODUCTS_DIR; };
		B1DF08C61D9A566E00A4DE92 /* CocopodsTestTests.m */ = {isa = PBXFileReference; lastKnownFileType = sourcecode.c.objc; path = CocopodsTestTests.m; sourceTree = "<group>"; };
		B1DF08C81D9A566E00A4DE92 /* Info.plist */ = {isa = PBXFileReference; lastKnownFileType = text.plist.xml; path = Info.plist; sourceTree = "<group>"; };
		B1DF08CD1D9A566E00A4DE92 /* CocopodsTestUITests.xctest */ = {isa = PBXFileReference; explicitFileType = wrapper.cfbundle; includeInIndex = 0; path = CocopodsTestUITests.xctest; sourceTree = BUILT_PRODUCTS_DIR; };
		B1DF08D11D9A566E00A4DE92 /* CocopodsTestUITests.m */ = {isa = PBXFileReference; lastKnownFileType = sourcecode.c.objc; path = CocopodsTestUITests.m; sourceTree = "<group>"; };
		B1DF08D31D9A566E00A4DE92 /* Info.plist */ = {isa = PBXFileReference; lastKnownFileType = text.plist.xml; path = Info.plist; sourceTree = "<group>"; };
		B1DF08DF1D9A56C600A4DE92 /* NSObject+Logfile.h */ = {isa = PBXFileReference; fileEncoding = 4; lastKnownFileType = sourcecode.c.h; path = "NSObject+Logfile.h"; sourceTree = "<group>"; };
		B1DF08E01D9A56C600A4DE92 /* NSObject+Logfile.m */ = {isa = PBXFileReference; fileEncoding = 4; lastKnownFileType = sourcecode.c.objc; path = "NSObject+Logfile.m"; sourceTree = "<group>"; };
/* End PBXFileReference section */

/* Begin PBXFrameworksBuildPhase section */
		B1DF08A61D9A566E00A4DE92 /* Frameworks */ = {
			isa = PBXFrameworksBuildPhase;
			buildActionMask = 2147483647;
			files = (
			);
			runOnlyForDeploymentPostprocessing = 0;
		};
		B1DF08BF1D9A566E00A4DE92 /* Frameworks */ = {
			isa = PBXFrameworksBuildPhase;
			buildActionMask = 2147483647;
			files = (
			);
			runOnlyForDeploymentPostprocessing = 0;
		};
		B1DF08CA1D9A566E00A4DE92 /* Frameworks */ = {
			isa = PBXFrameworksBuildPhase;
			buildActionMask = 2147483647;
			files = (
			);
			runOnlyForDeploymentPostprocessing = 0;
		};
/* End PBXFrameworksBuildPhase section */

/* Begin PBXGroup section */
		B1DF08A01D9A566E00A4DE92 = {
			isa = PBXGroup;
			children = (
				B1DF08AB1D9A566E00A4DE92 /* CocopodsTest */,
				B1DF08C51D9A566E00A4DE92 /* CocopodsTestTests */,
				B1DF08D01D9A566E00A4DE92 /* CocopodsTestUITests */,
				B1DF08AA1D9A566E00A4DE92 /* Products */,
			);
			sourceTree = "<group>";
		};
		B1DF08AA1D9A566E00A4DE92 /* Products */ = {
			isa = PBXGroup;
			children = (
				B1DF08A91D9A566E00A4DE92 /* CocopodsTest.app */,
				B1DF08C21D9A566E00A4DE92 /* CocopodsTestTests.xctest */,
				B1DF08CD1D9A566E00A4DE92 /* CocopodsTestUITests.xctest */,
			);
			name = Products;
			sourceTree = "<group>";
		};
		B1DF08AB1D9A566E00A4DE92 /* CocopodsTest */ = {
			isa = PBXGroup;
			children = (
				B1DF08AF1D9A566E00A4DE92 /* AppDelegate.h */,
				B1DF08B01D9A566E00A4DE92 /* AppDelegate.m */,
				B1DF08B21D9A566E00A4DE92 /* ViewController.h */,
				B1DF08B31D9A566E00A4DE92 /* ViewController.m */,
				B1DF08DF1D9A56C600A4DE92 /* NSObject+Logfile.h */,
				B1DF08E01D9A56C600A4DE92 /* NSObject+Logfile.m */,
				B1DF08B51D9A566E00A4DE92 /* Main.storyboard */,
				B1DF08B81D9A566E00A4DE92 /* Assets.xcassets */,
				B1DF08BA1D9A566E00A4DE92 /* LaunchScreen.storyboard */,
				B1DF08BD1D9A566E00A4DE92 /* Info.plist */,
				B1DF08AC1D9A566E00A4DE92 /* Supporting Files */,
			);
			path = CocopodsTest;
			sourceTree = "<group>";
		};
		B1DF08AC1D9A566E00A4DE92 /* Supporting Files */ = {
			isa = PBXGroup;
			children = (
				B1DF08AD1D9A566E00A4DE92 /* main.m */,
			);
			name = "Supporting Files";
			sourceTree = "<group>";
		};
		B1DF08C51D9A566E00A4DE92 /* CocopodsTestTests */ = {
			isa = PBXGroup;
			children = (
				B1DF08C61D9A566E00A4DE92 /* CocopodsTestTests.m */,
				B1DF08C81D9A566E00A4DE92 /* Info.plist */,
			);
			path = CocopodsTestTests;
			sourceTree = "<group>";
		};
		B1DF08D01D9A566E00A4DE92 /* CocopodsTestUITests */ = {
			isa = PBXGroup;
			children = (
				B1DF08D11D9A566E00A4DE92 /* CocopodsTestUITests.m */,
				B1DF08D31D9A566E00A4DE92 /* Info.plist */,
			);
			path = CocopodsTestUITests;
			sourceTree = "<group>";
		};
/* End PBXGroup section */

/* Begin PBXNativeTarget section */
		B1DF08A81D9A566E00A4DE92 /* CocopodsTest */ = {
			isa = PBXNativeTarget;
			buildConfigurationList = B1DF08D61D9A566E00A4DE92 /* Build configuration list for PBXNativeTarget "CocopodsTest" */;
			buildPhases = (
				B1DF08A51D9A566E00A4DE92 /* Sources */,
				B1DF08A61D9A566E00A4DE92 /* Frameworks */,
				B1DF08A71D9A566E00A4DE92 /* Resources */,
			);
			buildRules = (
			);
			dependencies = (
			);
			name = CocopodsTest;
			productName = CocopodsTest;
			productReference = B1DF08A91D9A566E00A4DE92 /* CocopodsTest.app */;
			productType = "com.apple.product-type.application";
		};
		B1DF08C11D9A566E00A4DE92 /* CocopodsTestTests */ = {
			isa = PBXNativeTarget;
			buildConfigurationList = B1DF08D91D9A566E00A4DE92 /* Build configuration list for PBXNativeTarget "CocopodsTestTests" */;
			buildPhases = (
				B1DF08BE1D9A566E00A4DE92 /* Sources */,
				B1DF08BF1D9A566E00A4DE92 /* Frameworks */,
				B1DF08C01D9A566E00A4DE92 /* Resources */,
			);
			buildRules = (
			);
			dependencies = (
				B1DF08C41D9A566E00A4DE92 /* PBXTargetDependency */,
			);
			name = CocopodsTestTests;
			productName = CocopodsTestTests;
			productReference = B1DF08C21D9A566E00A4DE92 /* CocopodsTestTests.xctest */;
			productType = "com.apple.product-type.bundle.unit-test";
		};
		B1DF08CC1D9A566E00A4DE92 /* CocopodsTestUITests */ = {
			isa = PBXNativeTarget;
			buildConfigurationList = B1DF08DC1D9A566E00A4DE92 /* Build configuration list for PBXNativeTarget "CocopodsTestUITests" */;
			buildPhases = (
				B1DF08C91D9A566E00A4DE92 /* Sources */,
				B1DF08CA1D9A566E00A4DE92 /* Frameworks */,
				B1DF08CB1D9A566E00A4DE92 /* Resources */,
			);
			buildRules = (
			);
			dependencies = (
				B1DF08CF1D9A566E00A4DE92 /* PBXTargetDependency */,
			);
			name = CocopodsTestUITests;
			productName = CocopodsTestUITests;
			productReference = B1DF08CD1D9A566E00A4DE92 /* CocopodsTestUITests.xctest */;
			productType = "com.apple.product-type.bundle.ui-testing";
		};
/* End PBXNativeTarget section */

/* Begin PBXProject section */
		B1DF08A11D9A566E00A4DE92 /* Project object */ = {
			isa = PBXProject;
			attributes = {
				LastUpgradeCheck = 0800;
				ORGANIZATIONNAME = kangzhang;
				TargetAttributes = {
					B1DF08A81D9A566E00A4DE92 = {
						CreatedOnToolsVersion = 8.0;
						ProvisioningStyle = Automatic;
					};
					B1DF08C11D9A566E00A4DE92 = {
						CreatedOnToolsVersion = 8.0;
						ProvisioningStyle = Automatic;
						TestTargetID = B1DF08A81D9A566E00A4DE92;
					};
					B1DF08CC1D9A566E00A4DE92 = {
						CreatedOnToolsVersion = 8.0;
						ProvisioningStyle = Automatic;
						TestTargetID = B1DF08A81D9A566E00A4DE92;
					};
				};
			};
			buildConfigurationList = B1DF08A41D9A566E00A4DE92 /* Build configuration list for PBXProject "CocopodsTest" */;
			compatibilityVersion = "Xcode 3.2";
			developmentRegion = English;
			hasScannedForEncodings = 0;
			knownRegions = (
				en,
				Base,
			);
			mainGroup = B1DF08A01D9A566E00A4DE92;
			productRefGroup = B1DF08AA1D9A566E00A4DE92 /* Products */;
			projectDirPath = "";
			projectRoot = "";
			targets = (
				B1DF08A81D9A566E00A4DE92 /* CocopodsTest */,
				B1DF08C11D9A566E00A4DE92 /* CocopodsTestTests */,
				B1DF08CC1D9A566E00A4DE92 /* CocopodsTestUITests */,
			);
		};
/* End PBXProject section */

/* Begin PBXResourcesBuildPhase section */
		B1DF08A71D9A566E00A4DE92 /* Resources */ = {
			isa = PBXResourcesBuildPhase;
			buildActionMask = 2147483647;
			files = (
				B1DF08BC1D9A566E00A4DE92 /* LaunchScreen.storyboard in Resources */,
				B1DF08B91D9A566E00A4DE92 /* Assets.xcassets in Resources */,
				B1DF08B71D9A566E00A4DE92 /* Main.storyboard in Resources */,
			);
			runOnlyForDeploymentPostprocessing = 0;
		};
		B1DF08C01D9A566E00A4DE92 /* Resources */ = {
			isa = PBXResourcesBuildPhase;
			buildActionMask = 2147483647;
			files = (
			);
			runOnlyForDeploymentPostprocessing = 0;
		};
		B1DF08CB1D9A566E00A4DE92 /* Resources */ = {
			isa = PBXResourcesBuildPhase;
			buildActionMask = 2147483647;
			files = (
			);
			runOnlyForDeploymentPostprocessing = 0;
		};
/* End PBXResourcesBuildPhase section */

/* Begin PBXSourcesBuildPhase section */
		B1DF08A51D9A566E00A4DE92 /* Sources */ = {
			isa = PBXSourcesBuildPhase;
			buildActionMask = 2147483647;
			files = (
				B1DF08B41D9A566E00A4DE92 /* ViewController.m in Sources */,
				B1DF08B11D9A566E00A4DE92 /* AppDelegate.m in Sources */,
				B1DF08E11D9A56C600A4DE92 /* NSObject+Logfile.m in Sources */,
				B1DF08AE1D9A566E00A4DE92 /* main.m in Sources */,
			);
			runOnlyForDeploymentPostprocessing = 0;
		};
		B1DF08BE1D9A566E00A4DE92 /* Sources */ = {
			isa = PBXSourcesBuildPhase;
			buildActionMask = 2147483647;
			files = (
				B1DF08C71D9A566E00A4DE92 /* CocopodsTestTests.m in Sources */,
			);
			runOnlyForDeploymentPostprocessing = 0;
		};
		B1DF08C91D9A566E00A4DE92 /* Sources */ = {
			isa = PBXSourcesBuildPhase;
			buildActionMask = 2147483647;
			files = (
				B1DF08D21D9A566E00A4DE92 /* CocopodsTestUITests.m in Sources */,
			);
			runOnlyForDeploymentPostprocessing = 0;
		};
/* End PBXSourcesBuildPhase section */

/* Begin PBXTargetDependency section */
		B1DF08C41D9A566E00A4DE92 /* PBXTargetDependency */ = {
			isa = PBXTargetDependency;
			target = B1DF08A81D9A566E00A4DE92 /* CocopodsTest */;
			targetProxy = B1DF08C31D9A566E00A4DE92 /* PBXContainerItemProxy */;
		};
		B1DF08CF1D9A566E00A4DE92 /* PBXTargetDependency */ = {
			isa = PBXTargetDependency;
			target = B1DF08A81D9A566E00A4DE92 /* CocopodsTest */;
			targetProxy = B1DF08CE1D9A566E00A4DE92 /* PBXContainerItemProxy */;
		};
/* End PBXTargetDependency section */

/* Begin PBXVariantGroup section */
		B1DF08B51D9A566E00A4DE92 /* Main.storyboard */ = {
			isa = PBXVariantGroup;
			children = (
				B1DF08B61D9A566E00A4DE92 /* Base */,
			);
			name = Main.storyboard;
			sourceTree = "<group>";
		};
		B1DF08BA1D9A566E00A4DE92 /* LaunchScreen.storyboard */ = {
			isa = PBXVariantGroup;
			children = (
				B1DF08BB1D9A566E00A4DE92 /* Base */,
			);
			name = LaunchScreen.storyboard;
			sourceTree = "<group>";
		};
/* End PBXVariantGroup section */

/* Begin XCBuildConfiguration section */
		B1DF08D41D9A566E00A4DE92 /* Debug */ = {
			isa = XCBuildConfiguration;
			buildSettings = {
				ALWAYS_SEARCH_USER_PATHS = NO;
				CLANG_ANALYZER_NONNULL = YES;
				CLANG_CXX_LANGUAGE_STANDARD = "gnu++0x";
				CLANG_CXX_LIBRARY = "libc++";
				CLANG_ENABLE_MODULES = YES;
				CLANG_ENABLE_OBJC_ARC = YES;
				CLANG_WARN_BOOL_CONVERSION = YES;
				CLANG_WARN_CONSTANT_CONVERSION = YES;
				CLANG_WARN_DIRECT_OBJC_ISA_USAGE = YES_ERROR;
				CLANG_WARN_DOCUMENTATION_COMMENTS = YES;
				CLANG_WARN_EMPTY_BODY = YES;
				CLANG_WARN_ENUM_CONVERSION = YES;
				CLANG_WARN_INFINITE_RECURSION = YES;
				CLANG_WARN_INT_CONVERSION = YES;
				CLANG_WARN_OBJC_ROOT_CLASS = YES_ERROR;
				CLANG_WARN_SUSPICIOUS_MOVES = YES;
				CLANG_WARN_UNREACHABLE_CODE = YES;
				CLANG_WARN__DUPLICATE_METHOD_MATCH = YES;
				"CODE_SIGN_IDENTITY[sdk=iphoneos*]" = "iPhone Developer";
				COPY_PHASE_STRIP = NO;
				DEBUG_INFORMATION_FORMAT = dwarf;
				ENABLE_STRICT_OBJC_MSGSEND = YES;
				ENABLE_TESTABILITY = YES;
				GCC_C_LANGUAGE_STANDARD = gnu99;
				GCC_DYNAMIC_NO_PIC = NO;
				GCC_NO_COMMON_BLOCKS = YES;
				GCC_OPTIMIZATION_LEVEL = 0;
				GCC_PREPROCESSOR_DEFINITIONS = (
					"DEBUG=1",
					"$(inherited)",
				);
				GCC_WARN_64_TO_32_BIT_CONVERSION = YES;
				GCC_WARN_ABOUT_RETURN_TYPE = YES_ERROR;
				GCC_WARN_UNDECLARED_SELECTOR = YES;
				GCC_WARN_UNINITIALIZED_AUTOS = YES_AGGRESSIVE;
				GCC_WARN_UNUSED_FUNCTION = YES;
				GCC_WARN_UNUSED_VARIABLE = YES;
				IPHONEOS_DEPLOYMENT_TARGET = 10.0;
				MTL_ENABLE_DEBUG_INFO = YES;
				ONLY_ACTIVE_ARCH = YES;
				SDKROOT = iphoneos;
			};
			name = Debug;
		};
		B1DF08D51D9A566E00A4DE92 /* Release */ = {
			isa = XCBuildConfiguration;
			buildSettings = {
				ALWAYS_SEARCH_USER_PATHS = NO;
				CLANG_ANALYZER_NONNULL = YES;
				CLANG_CXX_LANGUAGE_STANDARD = "gnu++0x";
				CLANG_CXX_LIBRARY = "libc++";
				CLANG_ENABLE_MODULES = YES;
				CLANG_ENABLE_OBJC_ARC = YES;
				CLANG_WARN_BOOL_CONVERSION = YES;
				CLANG_WARN_CONSTANT_CONVERSION = YES;
				CLANG_WARN_DIRECT_OBJC_ISA_USAGE = YES_ERROR;
				CLANG_WARN_DOCUMENTATION_COMMENTS = YES;
				CLANG_WARN_EMPTY_BODY = YES;
				CLANG_WARN_ENUM_CONVERSION = YES;
				CLANG_WARN_INFINITE_RECURSION = YES;
				CLANG_WARN_INT_CONVERSION = YES;
				CLANG_WARN_OBJC_ROOT_CLASS = YES_ERROR;
				CLANG_WARN_SUSPICIOUS_MOVES = YES;
				CLANG_WARN_UNREACHABLE_CODE = YES;
				CLANG_WARN__DUPLICATE_METHOD_MATCH = YES;
				"CODE_SIGN_IDENTITY[sdk=iphoneos*]" = "iPhone Developer";
				COPY_PHASE_STRIP = NO;
				DEBUG_INFORMATION_FORMAT = "dwarf-with-dsym";
				ENABLE_NS_ASSERTIONS = NO;
				ENABLE_STRICT_OBJC_MSGSEND = YES;
				GCC_C_LANGUAGE_STANDARD = gnu99;
				GCC_NO_COMMON_BLOCKS = YES;
				GCC_WARN_64_TO_32_BIT_CONVERSION = YES;
				GCC_WARN_ABOUT_RETURN_TYPE = YES_ERROR;
				GCC_WARN_UNDECLARED_SELECTOR = YES;
				GCC_WARN_UNINITIALIZED_AUTOS = YES_AGGRESSIVE;
				GCC_WARN_UNUSED_FUNCTION = YES;
				GCC_WARN_UNUSED_VARIABLE = YES;
				IPHONEOS_DEPLOYMENT_TARGET = 10.0;
				MTL_ENABLE_DEBUG_INFO = NO;
				SDKROOT = iphoneos;
				VALIDATE_PRODUCT = YES;
			};
			name = Release;
		};
		B1DF08D71D9A566E00A4DE92 /* Debug */ = {
			isa = XCBuildConfiguration;
			buildSettings = {
				ASSETCATALOG_COMPILER_APPICON_NAME = AppIcon;
				INFOPLIST_FILE = CocopodsTest/Info.plist;
				LD_RUNPATH_SEARCH_PATHS = "$(inherited) @executable_path/Frameworks";
				PRODUCT_BUNDLE_IDENTIFIER = fancy.CocopodsTest;
				PRODUCT_NAME = "$(TARGET_NAME)";
			};
			name = Debug;
		};
		B1DF08D81D9A566E00A4DE92 /* Release */ = {
			isa = XCBuildConfiguration;
			buildSettings = {
				ASSETCATALOG_COMPILER_APPICON_NAME = AppIcon;
				INFOPLIST_FILE = CocopodsTest/Info.plist;
				LD_RUNPATH_SEARCH_PATHS = "$(inherited) @executable_path/Frameworks";
				PRODUCT_BUNDLE_IDENTIFIER = fancy.CocopodsTest;
				PRODUCT_NAME = "$(TARGET_NAME)";
			};
			name = Release;
		};
		B1DF08DA1D9A566E00A4DE92 /* Debug */ = {
			isa = XCBuildConfiguration;
			buildSettings = {
				BUNDLE_LOADER = "$(TEST_HOST)";
				INFOPLIST_FILE = CocopodsTestTests/Info.plist;
				LD_RUNPATH_SEARCH_PATHS = "$(inherited) @executable_path/Frameworks @loader_path/Frameworks";
				PRODUCT_BUNDLE_IDENTIFIER = fancy.CocopodsTestTests;
				PRODUCT_NAME = "$(TARGET_NAME)";
				TEST_HOST = "$(BUILT_PRODUCTS_DIR)/CocopodsTest.app/CocopodsTest";
			};
			name = Debug;
		};
		B1DF08DB1D9A566E00A4DE92 /* Release */ = {
			isa = XCBuildConfiguration;
			buildSettings = {
				BUNDLE_LOADER = "$(TEST_HOST)";
				INFOPLIST_FILE = CocopodsTestTests/Info.plist;
				LD_RUNPATH_SEARCH_PATHS = "$(inherited) @executable_path/Frameworks @loader_path/Frameworks";
				PRODUCT_BUNDLE_IDENTIFIER = fancy.CocopodsTestTests;
				PRODUCT_NAME = "$(TARGET_NAME)";
				TEST_HOST = "$(BUILT_PRODUCTS_DIR)/CocopodsTest.app/CocopodsTest";
			};
			name = Release;
		};
		B1DF08DD1D9A566E00A4DE92 /* Debug */ = {
			isa = XCBuildConfiguration;
			buildSettings = {
				INFOPLIST_FILE = CocopodsTestUITests/Info.plist;
				LD_RUNPATH_SEARCH_PATHS = "$(inherited) @executable_path/Frameworks @loader_path/Frameworks";
				PRODUCT_BUNDLE_IDENTIFIER = fancy.CocopodsTestUITests;
				PRODUCT_NAME = "$(TARGET_NAME)";
				TEST_TARGET_NAME = CocopodsTest;
			};
			name = Debug;
		};
		B1DF08DE1D9A566E00A4DE92 /* Release */ = {
			isa = XCBuildConfiguration;
			buildSettings = {
				INFOPLIST_FILE = CocopodsTestUITests/Info.plist;
				LD_RUNPATH_SEARCH_PATHS = "$(inherited) @executable_path/Frameworks @loader_path/Frameworks";
				PRODUCT_BUNDLE_IDENTIFIER = fancy.CocopodsTestUITests;
				PRODUCT_NAME = "$(TARGET_NAME)";
				TEST_TARGET_NAME = CocopodsTest;
			};
			name = Release;
		};
/* End XCBuildConfiguration section */

/* Begin XCConfigurationList section */
		B1DF08A41D9A566E00A4DE92 /* Build configuration list for PBXProject "CocopodsTest" */ = {
			isa = XCConfigurationList;
			buildConfigurations = (
				B1DF08D41D9A566E00A4DE92 /* Debug */,
				B1DF08D51D9A566E00A4DE92 /* Release */,
			);
			defaultConfigurationIsVisible = 0;
			defaultConfigurationName = Release;
		};
		B1DF08D61D9A566E00A4DE92 /* Build configuration list for PBXNativeTarget "CocopodsTest" */ = {
			isa = XCConfigurationList;
			buildConfigurations = (
				B1DF08D71D9A566E00A4DE92 /* Debug */,
				B1DF08D81D9A566E00A4DE92 /* Release */,
			);
			defaultConfigurationIsVisible = 0;
		};
		B1DF08D91D9A566E00A4DE92 /* Build configuration list for PBXNativeTarget "CocopodsTestTests" */ = {
			isa = XCConfigurationList;
			buildConfigurations = (
				B1DF08DA1D9A566E00A4DE92 /* Debug */,
				B1DF08DB1D9A566E00A4DE92 /* Release */,
			);
			defaultConfigurationIsVisible = 0;
		};
		B1DF08DC1D9A566E00A4DE92 /* Build configuration list for PBXNativeTarget "CocopodsTestUITests" */ = {
			isa = XCConfigurationList;
			buildConfigurations = (
				B1DF08DD1D9A566E00A4DE92 /* Debug */,
				B1DF08DE1D9A566E00A4DE92 /* Release */,
			);
			defaultConfigurationIsVisible = 0;
		};
/* End XCConfigurationList section */
	};
	rootObject = B1DF08A11D9A566E00A4DE92 /* Project object */;
}
